
Microsoft Visual Studio Solution File, Format Version 12.00
# Visual Studio 2013
VisualStudioVersion = 12.0.30501.0
MinimumVisualStudioVersion = 10.0.40219.1
Project("{FAE04EC0-301F-11D3-BF4B-00C04F79EFBC}") = "Model", "Model\Model.csproj", "{DAF16140-F585-48FB-87B1-F527DF0C5D98}"
EndProject
Project("{FAE04EC0-301F-11D3-BF4B-00C04F79EFBC}") = "SqlServer", "Server\SqlServer.csproj", "{75CEB413-F08A-4EB8-848C-D58F2175327E}"
EndProject
Project("{FAE04EC0-301F-11D3-BF4B-00C04F79EFBC}") = "WinForm", "WinForm\WinForm.csproj", "{7B206E8C-79DD-4CA0-9552-559030CC935E}"
EndProject
Project("{FAE04EC0-301F-11D3-BF4B-00C04F79EFBC}") = "MongoServer", "MongoServer\MongoServer.csproj", "{5F91A8A3-B15C-43FF-8F9B-7579A6FE435E}"
EndProject
Project("{FAE04EC0-301F-11D3-BF4B-00C04F79EFBC}") = "RedisServer", "RedisServer\RedisServer.csproj", "{457CC1C4-71CE-45EF-B4AA-9C825D14ACD9}"
EndProject
Project("{FAE04EC0-301F-11D3-BF4B-00C04F79EFBC}") = "Command", "Command\Command.csproj", "{4738AFA1-E4BC-4835-AF32-B4338489B817}"
EndProject
Project("{FAE04EC0-301F-11D3-BF4B-00C04F79EFBC}") = "Web", "Web\Web.csproj", "{7328C93E-AC90-4E41-B181-DD885F12243B}"
EndProject
Project("{FAE04EC0-301F-11D3-BF4B-00C04F79EFBC}") = "MysqlServer", "MysqlServer\MysqlServer.csproj", "{434E3A00-0F16-4AB1-89FE-27CE6C709333}"
EndProject
Project("{FAE04EC0-301F-11D3-BF4B-00C04F79EFBC}") = "RedisClientLib", "RedisClientLib\RedisClientLib.csproj", "{BFA01B84-CFAA-4277-A24D-71A9805FB883}"
EndProject
Project("{FAE04EC0-301F-11D3-BF4B-00C04F79EFBC}") = "WebAccess", "WebAccess\WebAccess.csproj", "{2CA16338-6959-4217-AD23-494860D9AA0D}"
EndProject
Project("{FAE04EC0-301F-11D3-BF4B-00C04F79EFBC}") = "SqlLiteServer", "SqlLiteServer\SqlLiteServer.csproj", "{542CC2F5-293B-418A-B213-71426416EC7E}"
EndProject
Project("{2150E333-8FDC-42A3-9474-1A3956D46DE8}") = ".nuget", ".nuget", "{D9FFF2D8-EF26-4DE7-B243-81C044C489E2}"
	ProjectSection(SolutionItems) = preProject
		.nuget\packages.config = .nuget\packages.config
	EndProjectSection
EndProject
Project("{FAE04EC0-301F-11D3-BF4B-00C04F79EFBC}") = "RabbitMQServer", "RabbitMQServer\RabbitMQServer.csproj", "{52C3DFEF-1578-4CF6-9800-49CC6154F964}"
EndProject
Project("{2150E333-8FDC-42A3-9474-1A3956D46DE8}") = "Test", "Test", "{F1A42793-A910-4DB9-BA7D-A4319BD0169D}"
EndProject
Project("{FAE04EC0-301F-11D3-BF4B-00C04F79EFBC}") = "RabbitMQTest", "Test\RabbitMQTest\RabbitMQTest.csproj", "{1E6ECC57-D329-4CCF-8476-8F0BEC87B564}"
EndProject
Project("{FAE04EC0-301F-11D3-BF4B-00C04F79EFBC}") = "RabbitConsumers", "Test\RabbitConsumers\RabbitConsumers.csproj", "{ACFBC2C5-44D7-4DF1-92F7-4A5E2B2AF8EB}"
EndProject
Project("{FAE04EC0-301F-11D3-BF4B-00C04F79EFBC}") = "KafkaServer", "KafkaServer\KafkaServer.csproj", "{AA3F9FA2-1DE8-42B8-AD46-A94F5FBF147B}"
EndProject
Project("{FAE04EC0-301F-11D3-BF4B-00C04F79EFBC}") = "PostgreSqlServer", "PostgreSqlServer\PostgreSqlServer.csproj", "{D7B602B4-8128-436A-B42A-9D2728F286FB}"
EndProject
Global
	GlobalSection(SolutionConfigurationPlatforms) = preSolution
		Debug|Any CPU = Debug|Any CPU
		Debug|x86 = Debug|x86
		Release|Any CPU = Release|Any CPU
		Release|x86 = Release|x86
	EndGlobalSection
	GlobalSection(ProjectConfigurationPlatforms) = postSolution
		{DAF16140-F585-48FB-87B1-F527DF0C5D98}.Debug|Any CPU.ActiveCfg = Debug|Any CPU
		{DAF16140-F585-48FB-87B1-F527DF0C5D98}.Debug|Any CPU.Build.0 = Debug|Any CPU
		{DAF16140-F585-48FB-87B1-F527DF0C5D98}.Debug|x86.ActiveCfg = Debug|x86
		{DAF16140-F585-48FB-87B1-F527DF0C5D98}.Debug|x86.Build.0 = Debug|x86
		{DAF16140-F585-48FB-87B1-F527DF0C5D98}.Release|Any CPU.ActiveCfg = Release|Any CPU
		{DAF16140-F585-48FB-87B1-F527DF0C5D98}.Release|Any CPU.Build.0 = Release|Any CPU
		{DAF16140-F585-48FB-87B1-F527DF0C5D98}.Release|x86.ActiveCfg = Release|x86
		{DAF16140-F585-48FB-87B1-F527DF0C5D98}.Release|x86.Build.0 = Release|x86
		{75CEB413-F08A-4EB8-848C-D58F2175327E}.Debug|Any CPU.ActiveCfg = Debug|Any CPU
		{75CEB413-F08A-4EB8-848C-D58F2175327E}.Debug|Any CPU.Build.0 = Debug|Any CPU
		{75CEB413-F08A-4EB8-848C-D58F2175327E}.Debug|x86.ActiveCfg = Debug|x86
		{75CEB413-F08A-4EB8-848C-D58F2175327E}.Debug|x86.Build.0 = Debug|x86
		{75CEB413-F08A-4EB8-848C-D58F2175327E}.Release|Any CPU.ActiveCfg = Release|Any CPU
		{75CEB413-F08A-4EB8-848C-D58F2175327E}.Release|Any CPU.Build.0 = Release|Any CPU
		{75CEB413-F08A-4EB8-848C-D58F2175327E}.Release|x86.ActiveCfg = Release|x86
		{75CEB413-F08A-4EB8-848C-D58F2175327E}.Release|x86.Build.0 = Release|x86
		{7B206E8C-79DD-4CA0-9552-559030CC935E}.Debug|Any CPU.ActiveCfg = Debug|Any CPU
		{7B206E8C-79DD-4CA0-9552-559030CC935E}.Debug|Any CPU.Build.0 = Debug|Any CPU
		{7B206E8C-79DD-4CA0-9552-559030CC935E}.Debug|x86.ActiveCfg = Debug|x86
		{7B206E8C-79DD-4CA0-9552-559030CC935E}.Debug|x86.Build.0 = Debug|x86
		{7B206E8C-79DD-4CA0-9552-559030CC935E}.Release|Any CPU.ActiveCfg = Release|Any CPU
		{7B206E8C-79DD-4CA0-9552-559030CC935E}.Release|Any CPU.Build.0 = Release|Any CPU
		{7B206E8C-79DD-4CA0-9552-559030CC935E}.Release|x86.ActiveCfg = Release|x86
		{7B206E8C-79DD-4CA0-9552-559030CC935E}.Release|x86.Build.0 = Release|x86
		{5F91A8A3-B15C-43FF-8F9B-7579A6FE435E}.Debug|Any CPU.ActiveCfg = Debug|Any CPU
		{5F91A8A3-B15C-43FF-8F9B-7579A6FE435E}.Debug|Any CPU.Build.0 = Debug|Any CPU
		{5F91A8A3-B15C-43FF-8F9B-7579A6FE435E}.Debug|x86.ActiveCfg = Debug|x86
		{5F91A8A3-B15C-43FF-8F9B-7579A6FE435E}.Debug|x86.Build.0 = Debug|x86
		{5F91A8A3-B15C-43FF-8F9B-7579A6FE435E}.Release|Any CPU.ActiveCfg = Release|Any CPU
		{5F91A8A3-B15C-43FF-8F9B-7579A6FE435E}.Release|Any CPU.Build.0 = Release|Any CPU
		{5F91A8A3-B15C-43FF-8F9B-7579A6FE435E}.Release|x86.ActiveCfg = Release|x86
		{5F91A8A3-B15C-43FF-8F9B-7579A6FE435E}.Release|x86.Build.0 = Release|x86
		{457CC1C4-71CE-45EF-B4AA-9C825D14ACD9}.Debug|Any CPU.ActiveCfg = Debug|Any CPU
		{457CC1C4-71CE-45EF-B4AA-9C825D14ACD9}.Debug|Any CPU.Build.0 = Debug|Any CPU
		{457CC1C4-71CE-45EF-B4AA-9C825D14ACD9}.Debug|x86.ActiveCfg = Debug|x86
		{457CC1C4-71CE-45EF-B4AA-9C825D14ACD9}.Debug|x86.Build.0 = Debug|x86
		{457CC1C4-71CE-45EF-B4AA-9C825D14ACD9}.Release|Any CPU.ActiveCfg = Release|Any CPU
		{457CC1C4-71CE-45EF-B4AA-9C825D14ACD9}.Release|Any CPU.Build.0 = Release|Any CPU
		{457CC1C4-71CE-45EF-B4AA-9C825D14ACD9}.Release|x86.ActiveCfg = Release|x86
		{457CC1C4-71CE-45EF-B4AA-9C825D14ACD9}.Release|x86.Build.0 = Release|x86
		{4738AFA1-E4BC-4835-AF32-B4338489B817}.Debug|Any CPU.ActiveCfg = Debug|Any CPU
		{4738AFA1-E4BC-4835-AF32-B4338489B817}.Debug|Any CPU.Build.0 = Debug|Any CPU
		{4738AFA1-E4BC-4835-AF32-B4338489B817}.Debug|x86.ActiveCfg = Debug|x86
		{4738AFA1-E4BC-4835-AF32-B4338489B817}.Debug|x86.Build.0 = Debug|x86
		{4738AFA1-E4BC-4835-AF32-B4338489B817}.Release|Any CPU.ActiveCfg = Release|Any CPU
		{4738AFA1-E4BC-4835-AF32-B4338489B817}.Release|Any CPU.Build.0 = Release|Any CPU
		{4738AFA1-E4BC-4835-AF32-B4338489B817}.Release|x86.ActiveCfg = Release|x86
		{4738AFA1-E4BC-4835-AF32-B4338489B817}.Release|x86.Build.0 = Release|x86
		{7328C93E-AC90-4E41-B181-DD885F12243B}.Debug|Any CPU.ActiveCfg = Debug|Any CPU
		{7328C93E-AC90-4E41-B181-DD885F12243B}.Debug|Any CPU.Build.0 = Debug|Any CPU
		{7328C93E-AC90-4E41-B181-DD885F12243B}.Debug|x86.ActiveCfg = Debug|Any CPU
		{7328C93E-AC90-4E41-B181-DD885F12243B}.Release|Any CPU.ActiveCfg = Release|Any CPU
		{7328C93E-AC90-4E41-B181-DD885F12243B}.Release|Any CPU.Build.0 = Release|Any CPU
		{7328C93E-AC90-4E41-B181-DD885F12243B}.Release|x86.ActiveCfg = Release|Any CPU
		{434E3A00-0F16-4AB1-89FE-27CE6C709333}.Debug|Any CPU.ActiveCfg = Debug|Any CPU
		{434E3A00-0F16-4AB1-89FE-27CE6C709333}.Debug|Any CPU.Build.0 = Debug|Any CPU
		{434E3A00-0F16-4AB1-89FE-27CE6C709333}.Debug|x86.ActiveCfg = Debug|x86
		{434E3A00-0F16-4AB1-89FE-27CE6C709333}.Debug|x86.Build.0 = Debug|x86
		{434E3A00-0F16-4AB1-89FE-27CE6C709333}.Release|Any CPU.ActiveCfg = Release|Any CPU
		{434E3A00-0F16-4AB1-89FE-27CE6C709333}.Release|Any CPU.Build.0 = Release|Any CPU
		{434E3A00-0F16-4AB1-89FE-27CE6C709333}.Release|x86.ActiveCfg = Release|x86
		{434E3A00-0F16-4AB1-89FE-27CE6C709333}.Release|x86.Build.0 = Release|x86
		{BFA01B84-CFAA-4277-A24D-71A9805FB883}.Debug|Any CPU.ActiveCfg = Debug|Any CPU
		{BFA01B84-CFAA-4277-A24D-71A9805FB883}.Debug|Any CPU.Build.0 = Debug|Any CPU
		{BFA01B84-CFAA-4277-A24D-71A9805FB883}.Debug|x86.ActiveCfg = Debug|x86
		{BFA01B84-CFAA-4277-A24D-71A9805FB883}.Debug|x86.Build.0 = Debug|x86
		{BFA01B84-CFAA-4277-A24D-71A9805FB883}.Release|Any CPU.ActiveCfg = Release|Any CPU
		{BFA01B84-CFAA-4277-A24D-71A9805FB883}.Release|Any CPU.Build.0 = Release|Any CPU
		{BFA01B84-CFAA-4277-A24D-71A9805FB883}.Release|x86.ActiveCfg = Release|x86
		{BFA01B84-CFAA-4277-A24D-71A9805FB883}.Release|x86.Build.0 = Release|x86
		{2CA16338-6959-4217-AD23-494860D9AA0D}.Debug|Any CPU.ActiveCfg = Debug|Any CPU
		{2CA16338-6959-4217-AD23-494860D9AA0D}.Debug|Any CPU.Build.0 = Debug|Any CPU
		{2CA16338-6959-4217-AD23-494860D9AA0D}.Debug|x86.ActiveCfg = Debug|x86
		{2CA16338-6959-4217-AD23-494860D9AA0D}.Debug|x86.Build.0 = Debug|x86
		{2CA16338-6959-4217-AD23-494860D9AA0D}.Release|Any CPU.ActiveCfg = Release|Any CPU
		{2CA16338-6959-4217-AD23-494860D9AA0D}.Release|Any CPU.Build.0 = Release|Any CPU
		{2CA16338-6959-4217-AD23-494860D9AA0D}.Release|x86.ActiveCfg = Release|x86
		{2CA16338-6959-4217-AD23-494860D9AA0D}.Release|x86.Build.0 = Release|x86
		{542CC2F5-293B-418A-B213-71426416EC7E}.Debug|Any CPU.ActiveCfg = Debug|Any CPU
		{542CC2F5-293B-418A-B213-71426416EC7E}.Debug|Any CPU.Build.0 = Debug|Any CPU
		{542CC2F5-293B-418A-B213-71426416EC7E}.Debug|x86.ActiveCfg = Debug|Any CPU
		{542CC2F5-293B-418A-B213-71426416EC7E}.Release|Any CPU.ActiveCfg = Release|Any CPU
		{542CC2F5-293B-418A-B213-71426416EC7E}.Release|Any CPU.Build.0 = Release|Any CPU
		{542CC2F5-293B-418A-B213-71426416EC7E}.Release|x86.ActiveCfg = Release|Any CPU
		{52C3DFEF-1578-4CF6-9800-49CC6154F964}.Debug|Any CPU.ActiveCfg = Debug|Any CPU
		{52C3DFEF-1578-4CF6-9800-49CC6154F964}.Debug|Any CPU.Build.0 = Debug|Any CPU
		{52C3DFEF-1578-4CF6-9800-49CC6154F964}.Debug|x86.ActiveCfg = Debug|Any CPU
		{52C3DFEF-1578-4CF6-9800-49CC6154F964}.Release|Any CPU.ActiveCfg = Release|Any CPU
		{52C3DFEF-1578-4CF6-9800-49CC6154F964}.Release|Any CPU.Build.0 = Release|Any CPU
		{52C3DFEF-1578-4CF6-9800-49CC6154F964}.Release|x86.ActiveCfg = Release|Any CPU
		{1E6ECC57-D329-4CCF-8476-8F0BEC87B564}.Debug|Any CPU.ActiveCfg = Debug|Any CPU
		{1E6ECC57-D329-4CCF-8476-8F0BEC87B564}.Debug|Any CPU.Build.0 = Debug|Any CPU
		{1E6ECC57-D329-4CCF-8476-8F0BEC87B564}.Debug|x86.ActiveCfg = Debug|Any CPU
		{1E6ECC57-D329-4CCF-8476-8F0BEC87B564}.Release|Any CPU.ActiveCfg = Release|Any CPU
		{1E6ECC57-D329-4CCF-8476-8F0BEC87B564}.Release|Any CPU.Build.0 = Release|Any CPU
		{1E6ECC57-D329-4CCF-8476-8F0BEC87B564}.Release|x86.ActiveCfg = Release|Any CPU
		{ACFBC2C5-44D7-4DF1-92F7-4A5E2B2AF8EB}.Debug|Any CPU.ActiveCfg = Debug|Any CPU
		{ACFBC2C5-44D7-4DF1-92F7-4A5E2B2AF8EB}.Debug|Any CPU.Build.0 = Debug|Any CPU
		{ACFBC2C5-44D7-4DF1-92F7-4A5E2B2AF8EB}.Debug|x86.ActiveCfg = Debug|Any CPU
		{ACFBC2C5-44D7-4DF1-92F7-4A5E2B2AF8EB}.Release|Any CPU.ActiveCfg = Release|Any CPU
		{ACFBC2C5-44D7-4DF1-92F7-4A5E2B2AF8EB}.Release|Any CPU.Build.0 = Release|Any CPU
		{ACFBC2C5-44D7-4DF1-92F7-4A5E2B2AF8EB}.Release|x86.ActiveCfg = Release|Any CPU
		{AA3F9FA2-1DE8-42B8-AD46-A94F5FBF147B}.Debug|Any CPU.ActiveCfg = Debug|Any CPU
		{AA3F9FA2-1DE8-42B8-AD46-A94F5FBF147B}.Debug|Any CPU.Build.0 = Debug|Any CPU
		{AA3F9FA2-1DE8-42B8-AD46-A94F5FBF147B}.Debug|x86.ActiveCfg = Debug|Any CPU
		{AA3F9FA2-1DE8-42B8-AD46-A94F5FBF147B}.Release|Any CPU.ActiveCfg = Release|Any CPU
		{AA3F9FA2-1DE8-42B8-AD46-A94F5FBF147B}.Release|Any CPU.Build.0 = Release|Any CPU
		{AA3F9FA2-1DE8-42B8-AD46-A94F5FBF147B}.Release|x86.ActiveCfg = Release|Any CPU
		{D7B602B4-8128-436A-B42A-9D2728F286FB}.Debug|Any CPU.ActiveCfg = Debug|Any CPU
		{D7B602B4-8128-436A-B42A-9D2728F286FB}.Debug|Any CPU.Build.0 = Debug|Any CPU
		{D7B602B4-8128-436A-B42A-9D2728F286FB}.Debug|x86.ActiveCfg = Debug|Any CPU
		{D7B602B4-8128-436A-B42A-9D2728F286FB}.Release|Any CPU.ActiveCfg = Release|Any CPU
		{D7B602B4-8128-436A-B42A-9D2728F286FB}.Release|Any CPU.Build.0 = Release|Any CPU
		{D7B602B4-8128-436A-B42A-9D2728F286FB}.Release|x86.ActiveCfg = Release|Any CPU
	EndGlobalSection
	GlobalSection(SolutionProperties) = preSolution
		HideSolutionNode = FALSE
	EndGlobalSection
	GlobalSection(NestedProjects) = preSolution
		{1E6ECC57-D329-4CCF-8476-8F0BEC87B564} = {F1A42793-A910-4DB9-BA7D-A4319BD0169D}
		{ACFBC2C5-44D7-4DF1-92F7-4A5E2B2AF8EB} = {F1A42793-A910-4DB9-BA7D-A4319BD0169D}
	EndGlobalSection
EndGlobal
